
Microsoft Visual Studio Solution File, Format Version 12.00
# Visual Studio Version 16
VisualStudioVersion = 16.0.29102.190
MinimumVisualStudioVersion = 10.0.40219.1
Project("{9A19103F-16F7-4668-BE54-9A1E7A4F7556}") = "NETCOREWebAPI_Blog", "NETCOREWebAPI_Blog\NETCOREWebAPI_Blog.csproj", "{6FD9B802-0EFE-47E3-8324-07ABC09775E4}"
EndProject
Project("{9A19103F-16F7-4668-BE54-9A1E7A4F7556}") = "NETCoreWebAPI_Blog_DB", "NETCoreWebAPI_Blog_DB\NETCoreWebAPI_Blog_DB.csproj", "{D572652B-4B71-40F7-9963-79448AA35E12}"
EndProject
Project("{FAE04EC0-301F-11D3-BF4B-00C04F79EFBC}") = "NETCoreWebAPI_Blog_DAL", "NETCoreWebAPI_Blog_DAL\NETCoreWebAPI_Blog_DAL.csproj", "{C86D977F-D018-4946-9613-E0EF816CC579}"
EndProject
Project("{FAE04EC0-301F-11D3-BF4B-00C04F79EFBC}") = "NETCoreWebAPI_Blog_Core", "NETCoreWebAPI_Blog_Core\NETCoreWebAPI_Blog_Core.csproj", "{7B68CD43-4ABA-4C4E-8F67-98B78D971C38}"
EndProject
Project("{FAE04EC0-301F-11D3-BF4B-00C04F79EFBC}") = "NETCoreWebAPI_Blog_BAL", "NETCoreWebAPI_Blog_BAL\NETCoreWebAPI_Blog_BAL.csproj", "{D13ABE6C-B25D-46DD-B525-DBE1A7AFC7E6}"
EndProject
Global
	GlobalSection(SolutionConfigurationPlatforms) = preSolution
		Debug|Any CPU = Debug|Any CPU
		Release|Any CPU = Release|Any CPU
	EndGlobalSection
	GlobalSection(ProjectConfigurationPlatforms) = postSolution
		{6FD9B802-0EFE-47E3-8324-07ABC09775E4}.Debug|Any CPU.ActiveCfg = Debug|Any CPU
		{6FD9B802-0EFE-47E3-8324-07ABC09775E4}.Debug|Any CPU.Build.0 = Debug|Any CPU
		{6FD9B802-0EFE-47E3-8324-07ABC09775E4}.Release|Any CPU.ActiveCfg = Release|Any CPU
		{6FD9B802-0EFE-47E3-8324-07ABC09775E4}.Release|Any CPU.Build.0 = Release|Any CPU
		{D572652B-4B71-40F7-9963-79448AA35E12}.Debug|Any CPU.ActiveCfg = Debug|Any CPU
		{D572652B-4B71-40F7-9963-79448AA35E12}.Debug|Any CPU.Build.0 = Debug|Any CPU
		{D572652B-4B71-40F7-9963-79448AA35E12}.Release|Any CPU.ActiveCfg = Release|Any CPU
		{D572652B-4B71-40F7-9963-79448AA35E12}.Release|Any CPU.Build.0 = Release|Any CPU
		{C86D977F-D018-4946-9613-E0EF816CC579}.Debug|Any CPU.ActiveCfg = Debug|Any CPU
		{C86D977F-D018-4946-9613-E0EF816CC579}.Debug|Any CPU.Build.0 = Debug|Any CPU
		{C86D977F-D018-4946-9613-E0EF816CC579}.Release|Any CPU.ActiveCfg = Release|Any CPU
		{C86D977F-D018-4946-9613-E0EF816CC579}.Release|Any CPU.Build.0 = Release|Any CPU
		{7B68CD43-4ABA-4C4E-8F67-98B78D971C38}.Debug|Any CPU.ActiveCfg = Debug|Any CPU
		{7B68CD43-4ABA-4C4E-8F67-98B78D971C38}.Debug|Any CPU.Build.0 = Debug|Any CPU
		{7B68CD43-4ABA-4C4E-8F67-98B78D971C38}.Release|Any CPU.ActiveCfg = Release|Any CPU
		{7B68CD43-4ABA-4C4E-8F67-98B78D971C38}.Release|Any CPU.Build.0 = Release|Any CPU
		{D13ABE6C-B25D-46DD-B525-DBE1A7AFC7E6}.Debug|Any CPU.ActiveCfg = Debug|Any CPU
		{D13ABE6C-B25D-46DD-B525-DBE1A7AFC7E6}.Debug|Any CPU.Build.0 = Debug|Any CPU
		{D13ABE6C-B25D-46DD-B525-DBE1A7AFC7E6}.Release|Any CPU.ActiveCfg = Release|Any CPU
		{D13ABE6C-B25D-46DD-B525-DBE1A7AFC7E6}.Release|Any CPU.Build.0 = Release|Any CPU
	EndGlobalSection
	GlobalSection(SolutionProperties) = preSolution
		HideSolutionNode = FALSE
	EndGlobalSection
	GlobalSection(ExtensibilityGlobals) = postSolution
		SolutionGuid = {F9D69CB5-28B5-4257-ABBF-08158B4BEB1B}
	EndGlobalSection
EndGlobal
